
Microsoft Visual Studio Solution File, Format Version 12.00
# Visual Studio 15
VisualStudioVersion = 15.0.28010.2016
MinimumVisualStudioVersion = 10.0.40219.1
Project("{9A19103F-16F7-4668-BE54-9A1E7A4F7556}") = "Day1", "Day1\Day1.csproj", "{45D2A90A-5C5D-46A6-9675-C3FBB3D9C92C}"
EndProject
Project("{9A19103F-16F7-4668-BE54-9A1E7A4F7556}") = "Day2", "Day2\Day2.csproj", "{6492D7E4-ECBA-4C16-8E33-2B139DEDCDB9}"
EndProject
Project("{9A19103F-16F7-4668-BE54-9A1E7A4F7556}") = "Day3", "Day3\Day3.csproj", "{3D6D67B9-A75F-46AD-8E4B-CB17B236AB2E}"
EndProject
Project("{9A19103F-16F7-4668-BE54-9A1E7A4F7556}") = "Day5", "Day5\Day5.csproj", "{C2D10706-7220-437C-8870-5DC182E75CD4}"
EndProject
Project("{9A19103F-16F7-4668-BE54-9A1E7A4F7556}") = "Day4", "Day4\Day4.csproj", "{48955F36-7BFE-4822-91DE-DD4566C9339D}"
EndProject
Project("{FAE04EC0-301F-11D3-BF4B-00C04F79EFBC}") = "Day6", "Day6\Day6.csproj", "{9034A9F3-576F-4217-B929-261ADF0558EB}"
EndProject
Global
	GlobalSection(SolutionConfigurationPlatforms) = preSolution
		Debug|Any CPU = Debug|Any CPU
		Release|Any CPU = Release|Any CPU
	EndGlobalSection
	GlobalSection(ProjectConfigurationPlatforms) = postSolution
		{45D2A90A-5C5D-46A6-9675-C3FBB3D9C92C}.Debug|Any CPU.ActiveCfg = Debug|Any CPU
		{45D2A90A-5C5D-46A6-9675-C3FBB3D9C92C}.Debug|Any CPU.Build.0 = Debug|Any CPU
		{45D2A90A-5C5D-46A6-9675-C3FBB3D9C92C}.Release|Any CPU.ActiveCfg = Release|Any CPU
		{45D2A90A-5C5D-46A6-9675-C3FBB3D9C92C}.Release|Any CPU.Build.0 = Release|Any CPU
		{6492D7E4-ECBA-4C16-8E33-2B139DEDCDB9}.Debug|Any CPU.ActiveCfg = Debug|Any CPU
		{6492D7E4-ECBA-4C16-8E33-2B139DEDCDB9}.Debug|Any CPU.Build.0 = Debug|Any CPU
		{6492D7E4-ECBA-4C16-8E33-2B139DEDCDB9}.Release|Any CPU.ActiveCfg = Release|Any CPU
		{6492D7E4-ECBA-4C16-8E33-2B139DEDCDB9}.Release|Any CPU.Build.0 = Release|Any CPU
		{3D6D67B9-A75F-46AD-8E4B-CB17B236AB2E}.Debug|Any CPU.ActiveCfg = Debug|Any CPU
		{3D6D67B9-A75F-46AD-8E4B-CB17B236AB2E}.Debug|Any CPU.Build.0 = Debug|Any CPU
		{3D6D67B9-A75F-46AD-8E4B-CB17B236AB2E}.Release|Any CPU.ActiveCfg = Release|Any CPU
		{3D6D67B9-A75F-46AD-8E4B-CB17B236AB2E}.Release|Any CPU.Build.0 = Release|Any CPU
		{C2D10706-7220-437C-8870-5DC182E75CD4}.Debug|Any CPU.ActiveCfg = Debug|Any CPU
		{C2D10706-7220-437C-8870-5DC182E75CD4}.Debug|Any CPU.Build.0 = Debug|Any CPU
		{C2D10706-7220-437C-8870-5DC182E75CD4}.Release|Any CPU.ActiveCfg = Release|Any CPU
		{C2D10706-7220-437C-8870-5DC182E75CD4}.Release|Any CPU.Build.0 = Release|Any CPU
		{48955F36-7BFE-4822-91DE-DD4566C9339D}.Debug|Any CPU.ActiveCfg = Debug|Any CPU
		{48955F36-7BFE-4822-91DE-DD4566C9339D}.Debug|Any CPU.Build.0 = Debug|Any CPU
		{48955F36-7BFE-4822-91DE-DD4566C9339D}.Release|Any CPU.ActiveCfg = Release|Any CPU
		{48955F36-7BFE-4822-91DE-DD4566C9339D}.Release|Any CPU.Build.0 = Release|Any CPU
		{9034A9F3-576F-4217-B929-261ADF0558EB}.Debug|Any CPU.ActiveCfg = Debug|Any CPU
		{9034A9F3-576F-4217-B929-261ADF0558EB}.Debug|Any CPU.Build.0 = Debug|Any CPU
		{9034A9F3-576F-4217-B929-261ADF0558EB}.Release|Any CPU.ActiveCfg = Release|Any CPU
		{9034A9F3-576F-4217-B929-261ADF0558EB}.Release|Any CPU.Build.0 = Release|Any CPU
	EndGlobalSection
	GlobalSection(SolutionProperties) = preSolution
		HideSolutionNode = FALSE
	EndGlobalSection
	GlobalSection(ExtensibilityGlobals) = postSolution
		SolutionGuid = {C5C8A959-E651-42A8-9BA4-069D69A99A1C}
	EndGlobalSection
EndGlobal
